
Microsoft Visual Studio Solution File, Format Version 12.00
# Visual Studio Version 16
VisualStudioVersion = 16.0.31321.278
MinimumVisualStudioVersion = 10.0.40219.1
Project("{888888A0-9F3D-457C-B088-3A5042F75D52}") = "CalculatorPy", "CalculatorPy\CalculatorPy.pyproj", "{23AF204F-6D9C-4D46-9030-CAADA911F71E}"
EndProject
Global
	GlobalSection(SolutionConfigurationPlatforms) = preSolution
		Debug|Any CPU = Debug|Any CPU
		Release|Any CPU = Release|Any CPU
	EndGlobalSection
	GlobalSection(ProjectConfigurationPlatforms) = postSolution
		{23AF204F-6D9C-4D46-9030-CAADA911F71E}.Debug|Any CPU.ActiveCfg = Debug|Any CPU
		{23AF204F-6D9C-4D46-9030-CAADA911F71E}.Release|Any CPU.ActiveCfg = Release|Any CPU
	EndGlobalSection
	GlobalSection(SolutionProperties) = preSolution
		HideSolutionNode = FALSE
	EndGlobalSection
	GlobalSection(ExtensibilityGlobals) = postSolution
		SolutionGuid = {80731ADA-BC7A-40C6-AC57-09D27030D631}
	EndGlobalSection
EndGlobal
